
Microsoft Visual Studio Solution File, Format Version 12.00
# Visual Studio 15
VisualStudioVersion = 15.0.28010.2019
MinimumVisualStudioVersion = 10.0.40219.1
Project("{8BC9CEB8-8B4A-11D0-8D11-00A0C91BC942}") = "UniUTF8", "UniUTF8\UniUTF8.vcxproj", "{91A9608E-EB10-4444-B09A-96A7E039EEDC}"
EndProject
Global
	GlobalSection(SolutionConfigurationPlatforms) = preSolution
		Debug|x64 = Debug|x64
		Debug|x86 = Debug|x86
		Release|x64 = Release|x64
		Release|x86 = Release|x86
	EndGlobalSection
	GlobalSection(ProjectConfigurationPlatforms) = postSolution
		{91A9608E-EB10-4444-B09A-96A7E039EEDC}.Debug|x64.ActiveCfg = Debug|x64
		{91A9608E-EB10-4444-B09A-96A7E039EEDC}.Debug|x64.Build.0 = Debug|x64
		{91A9608E-EB10-4444-B09A-96A7E039EEDC}.Debug|x86.ActiveCfg = Debug|Win32
		{91A9608E-EB10-4444-B09A-96A7E039EEDC}.Debug|x86.Build.0 = Debug|Win32
		{91A9608E-EB10-4444-B09A-96A7E039EEDC}.Release|x64.ActiveCfg = Release|x64
		{91A9608E-EB10-4444-B09A-96A7E039EEDC}.Release|x64.Build.0 = Release|x64
		{91A9608E-EB10-4444-B09A-96A7E039EEDC}.Release|x86.ActiveCfg = Release|Win32
		{91A9608E-EB10-4444-B09A-96A7E039EEDC}.Release|x86.Build.0 = Release|Win32
	EndGlobalSection
	GlobalSection(SolutionProperties) = preSolution
		HideSolutionNode = FALSE
	EndGlobalSection
	GlobalSection(ExtensibilityGlobals) = postSolution
		SolutionGuid = {B2E84268-1F61-412E-ADF3-9608905BB57F}
	EndGlobalSection
EndGlobal
